// !$*UTF8*$!
{
	archiveVersion = 1;
	classes = {
	};
	objectVersion = 50;
	objects = {

/* Begin PBXBuildFile section */
		29CB7FA52498D91700126FCA /* AppDelegate.swift in Sources */ = {isa = PBXBuildFile; fileRef = 29CB7FA42498D91700126FCA /* AppDelegate.swift */; };
		29CB7FA72498D91700126FCA /* SceneDelegate.swift in Sources */ = {isa = PBXBuildFile; fileRef = 29CB7FA62498D91700126FCA /* SceneDelegate.swift */; };
		29CB7FA92498D91700126FCA /* SingleVideoViewController.swift in Sources */ = {isa = PBXBuildFile; fileRef = 29CB7FA82498D91700126FCA /* SingleVideoViewController.swift */; };
		29CB7FAE2498D91800126FCA /* Assets.xcassets in Resources */ = {isa = PBXBuildFile; fileRef = 29CB7FAD2498D91800126FCA /* Assets.xcassets */; };
		29CB7FB12498D91800126FCA /* LaunchScreen.storyboard in Resources */ = {isa = PBXBuildFile; fileRef = 29CB7FAF2498D91800126FCA /* LaunchScreen.storyboard */; };
		29CB7FB92498DA9900126FCA /* MultiVideoViewController.swift in Sources */ = {isa = PBXBuildFile; fileRef = 29CB7FB82498DA9900126FCA /* MultiVideoViewController.swift */; };
/* End PBXBuildFile section */

/* Begin PBXFileReference section */
		29CB7FA12498D91700126FCA /* BufferingTestApp.app */ = {isa = PBXFileReference; explicitFileType = wrapper.application; includeInIndex = 0; path = BufferingTestApp.app; sourceTree = BUILT_PRODUCTS_DIR; };
		29CB7FA42498D91700126FCA /* AppDelegate.swift */ = {isa = PBXFileReference; lastKnownFileType = sourcecode.swift; path = AppDelegate.swift; sourceTree = "<group>"; };
		29CB7FA62498D91700126FCA /* SceneDelegate.swift */ = {isa = PBXFileReference; lastKnownFileType = sourcecode.swift; path = SceneDelegate.swift; sourceTree = "<group>"; };
		29CB7FA82498D91700126FCA /* SingleVideoViewController.swift */ = {isa = PBXFileReference; lastKnownFileType = sourcecode.swift; path = SingleVideoViewController.swift; sourceTree = "<group>"; };
		29CB7FAD2498D91800126FCA /* Assets.xcassets */ = {isa = PBXFileReference; lastKnownFileType = folder.assetcatalog; path = Assets.xcassets; sourceTree = "<group>"; };
		29CB7FB02498D91800126FCA /* Base */ = {isa = PBXFileReference; lastKnownFileType = file.storyboard; name = Base; path = Base.lproj/LaunchScreen.storyboard; sourceTree = "<group>"; };
		29CB7FB22498D91800126FCA /* Info.plist */ = {isa = PBXFileReference; lastKnownFileType = text.plist.xml; path = Info.plist; sourceTree = "<group>"; };
		29CB7FB82498DA9900126FCA /* MultiVideoViewController.swift */ = {isa = PBXFileReference; lastKnownFileType = sourcecode.swift; path = MultiVideoViewController.swift; sourceTree = "<group>"; };
/* End PBXFileReference section */

/* Begin PBXFrameworksBuildPhase section */
		29CB7F9E2498D91700126FCA /* Frameworks */ = {
			isa = PBXFrameworksBuildPhase;
			buildActionMask = 2147483647;
			files = (
			);
			runOnlyForDeploymentPostprocessing = 0;
		};
/* End PBXFrameworksBuildPhase section */

/* Begin PBXGroup section */
		29CB7F982498D91700126FCA = {
			isa = PBXGroup;
			children = (
				29CB7FA32498D91700126FCA /* BufferingTestApp */,
				29CB7FA22498D91700126FCA /* Products */,
			);
			sourceTree = "<group>";
		};
		29CB7FA22498D91700126FCA /* Products */ = {
			isa = PBXGroup;
			children = (
				29CB7FA12498D91700126FCA /* BufferingTestApp.app */,
			);
			name = Products;
			sourceTree = "<group>";
		};
		29CB7FA32498D91700126FCA /* BufferingTestApp */ = {
			isa = PBXGroup;
			children = (
				29CB7FA42498D91700126FCA /* AppDelegate.swift */,
				29CB7FA62498D91700126FCA /* SceneDelegate.swift */,
				29CB7FA82498D91700126FCA /* SingleVideoViewController.swift */,
				29CB7FB82498DA9900126FCA /* MultiVideoViewController.swift */,
				29CB7FAD2498D91800126FCA /* Assets.xcassets */,
				29CB7FAF2498D91800126FCA /* LaunchScreen.storyboard */,
				29CB7FB22498D91800126FCA /* Info.plist */,
			);
			path = BufferingTestApp;
			sourceTree = "<group>";
		};
/* End PBXGroup section */

/* Begin PBXNativeTarget section */
		29CB7FA02498D91700126FCA /* BufferingTestApp */ = {
			isa = PBXNativeTarget;
			buildConfigurationList = 29CB7FB52498D91800126FCA /* Build configuration list for PBXNativeTarget "BufferingTestApp" */;
			buildPhases = (
				29CB7F9D2498D91700126FCA /* Sources */,
				29CB7F9E2498D91700126FCA /* Frameworks */,
				29CB7F9F2498D91700126FCA /* Resources */,
			);
			buildRules = (
			);
			dependencies = (
			);
			name = BufferingTestApp;
			productName = BufferingTestApp;
			productReference = 29CB7FA12498D91700126FCA /* BufferingTestApp.app */;
			productType = "com.apple.product-type.application";
		};
/* End PBXNativeTarget section */

/* Begin PBXProject section */
		29CB7F992498D91700126FCA /* Project object */ = {
			isa = PBXProject;
			attributes = {
				LastSwiftUpdateCheck = 1150;
				LastUpgradeCheck = 1150;
				ORGANIZATIONNAME = "Marius Seufzer";
				TargetAttributes = {
					29CB7FA02498D91700126FCA = {
						CreatedOnToolsVersion = 11.5;
					};
				};
			};
			buildConfigurationList = 29CB7F9C2498D91700126FCA /* Build configuration list for PBXProject "BufferingTestApp" */;
			compatibilityVersion = "Xcode 9.3";
			developmentRegion = en;
			hasScannedForEncodings = 0;
			knownRegions = (
				en,
				Base,
			);
			mainGroup = 29CB7F982498D91700126FCA;
			productRefGroup = 29CB7FA22498D91700126FCA /* Products */;
			projectDirPath = "";
			projectRoot = "";
			targets = (
				29CB7FA02498D91700126FCA /* BufferingTestApp */,
			);
		};
/* End PBXProject section */

/* Begin PBXResourcesBuildPhase section */
		29CB7F9F2498D91700126FCA /* Resources */ = {
			isa = PBXResourcesBuildPhase;
			buildActionMask = 2147483647;
			files = (
				29CB7FB12498D91800126FCA /* LaunchScreen.storyboard in Resources */,
				29CB7FAE2498D91800126FCA /* Assets.xcassets in Resources */,
			);
			runOnlyForDeploymentPostprocessing = 0;
		};
/* End PBXResourcesBuildPhase section */

/* Begin PBXSourcesBuildPhase section */
		29CB7F9D2498D91700126FCA /* Sources */ = {
			isa = PBXSourcesBuildPhase;
			buildActionMask = 2147483647;
			files = (
				29CB7FA92498D91700126FCA /* SingleVideoViewController.swift in Sources */,
				29CB7FA52498D91700126FCA /* AppDelegate.swift in Sources */,
				29CB7FB92498DA9900126FCA /* MultiVideoViewController.swift in Sources */,
				29CB7FA72498D91700126FCA /* SceneDelegate.swift in Sources */,
			);
			runOnlyForDeploymentPostprocessing = 0;
		};
/* End PBXSourcesBuildPhase section */

/* Begin PBXVariantGroup section */
		29CB7FAF2498D91800126FCA /* LaunchScreen.storyboard */ = {
			isa = PBXVariantGroup;
			children = (
				29CB7FB02498D91800126FCA /* Base */,
			);
			name = LaunchScreen.storyboard;
			sourceTree = "<group>";
		};
/* End PBXVariantGroup section */

/* Begin XCBuildConfiguration section */
		29CB7FB32498D91800126FCA /* Debug */ = {
			isa = XCBuildConfiguration;
			buildSettings = {
				ALWAYS_SEARCH_USER_PATHS = NO;
				CLANG_ANALYZER_NONNULL = YES;
				CLANG_ANALYZER_NUMBER_OBJECT_CONVERSION = YES_AGGRESSIVE;
				CLANG_CXX_LANGUAGE_STANDARD = "gnu++14";
				CLANG_CXX_LIBRARY = "libc++";
				CLANG_ENABLE_MODULES = YES;
				CLANG_ENABLE_OBJC_ARC = YES;
				CLANG_ENABLE_OBJC_WEAK = YES;
				CLANG_WARN_BLOCK_CAPTURE_AUTORELEASING = YES;
				CLANG_WARN_BOOL_CONVERSION = YES;
				CLANG_WARN_COMMA = YES;
				CLANG_WARN_CONSTANT_CONVERSION = YES;
				CLANG_WARN_DEPRECATED_OBJC_IMPLEMENTATIONS = YES;
				CLANG_WARN_DIRECT_OBJC_ISA_USAGE = YES_ERROR;
				CLANG_WARN_DOCUMENTATION_COMMENTS = YES;
				CLANG_WARN_EMPTY_BODY = YES;
				CLANG_WARN_ENUM_CONVERSION = YES;
				CLANG_WARN_INFINITE_RECURSION = YES;
				CLANG_WARN_INT_CONVERSION = YES;
				CLANG_WARN_NON_LITERAL_NULL_CONVERSION = YES;
				CLANG_WARN_OBJC_IMPLICIT_RETAIN_SELF = YES;
				CLANG_WARN_OBJC_LITERAL_CONVERSION = YES;
				CLANG_WARN_OBJC_ROOT_CLASS = YES_ERROR;
				CLANG_WARN_RANGE_LOOP_ANALYSIS = YES;
				CLANG_WARN_STRICT_PROTOTYPES = YES;
				CLANG_WARN_SUSPICIOUS_MOVE = YES;
				CLANG_WARN_UNGUARDED_AVAILABILITY = YES_AGGRESSIVE;
				CLANG_WARN_UNREACHABLE_CODE = YES;
				CLANG_WARN__DUPLICATE_METHOD_MATCH = YES;
				COPY_PHASE_STRIP = NO;
				DEBUG_INFORMATION_FORMAT = dwarf;
				ENABLE_STRICT_OBJC_MSGSEND = YES;
				ENABLE_TESTABILITY = YES;
				GCC_C_LANGUAGE_STANDARD = gnu11;
				GCC_DYNAMIC_NO_PIC = NO;
				GCC_NO_COMMON_BLOCKS = YES;
				GCC_OPTIMIZATION_LEVEL = 0;
				GCC_PREPROCESSOR_DEFINITIONS = (
					"DEBUG=1",
					"$(inherited)",
				);
				GCC_WARN_64_TO_32_BIT_CONVERSION = YES;
				GCC_WARN_ABOUT_RETURN_TYPE = YES_ERROR;
				GCC_WARN_UNDECLARED_SELECTOR = YES;
				GCC_WARN_UNINITIALIZED_AUTOS = YES_AGGRESSIVE;
				GCC_WARN_UNUSED_FUNCTION = YES;
				GCC_WARN_UNUSED_VARIABLE = YES;
				IPHONEOS_DEPLOYMENT_TARGET = 13.5;
				MTL_ENABLE_DEBUG_INFO = INCLUDE_SOURCE;
				MTL_FAST_MATH = YES;
				ONLY_ACTIVE_ARCH = YES;
				SDKROOT = iphoneos;
				SWIFT_ACTIVE_COMPILATION_CONDITIONS = DEBUG;
				SWIFT_OPTIMIZATION_LEVEL = "-Onone";
			};
			name = Debug;
		};
		29CB7FB42498D91800126FCA /* Release */ = {
			isa = XCBuildConfiguration;
			buildSettings = {
				ALWAYS_SEARCH_USER_PATHS = NO;
				CLANG_ANALYZER_NONNULL = YES;
				CLANG_ANALYZER_NUMBER_OBJECT_CONVERSION = YES_AGGRESSIVE;
				CLANG_CXX_LANGUAGE_STANDARD = "gnu++14";
				CLANG_CXX_LIBRARY = "libc++";
				CLANG_ENABLE_MODULES = YES;
				CLANG_ENABLE_OBJC_ARC = YES;
				CLANG_ENABLE_OBJC_WEAK = YES;
				CLANG_WARN_BLOCK_CAPTURE_AUTORELEASING = YES;
				CLANG_WARN_BOOL_CONVERSION = YES;
				CLANG_WARN_COMMA = YES;
				CLANG_WARN_CONSTANT_CONVERSION = YES;
				CLANG_WARN_DEPRECATED_OBJC_IMPLEMENTATIONS = YES;
				CLANG_WARN_DIRECT_OBJC_ISA_USAGE = YES_ERROR;
				CLANG_WARN_DOCUMENTATION_COMMENTS = YES;
				CLANG_WARN_EMPTY_BODY = YES;
				CLANG_WARN_ENUM_CONVERSION = YES;
				CLANG_WARN_INFINITE_RECURSION = YES;
				CLANG_WARN_INT_CONVERSION = YES;
				CLANG_WARN_NON_LITERAL_NULL_CONVERSION = YES;
				CLANG_WARN_OBJC_IMPLICIT_RETAIN_SELF = YES;
				CLANG_WARN_OBJC_LITERAL_CONVERSION = YES;
				CLANG_WARN_OBJC_ROOT_CLASS = YES_ERROR;
				CLANG_WARN_RANGE_LOOP_ANALYSIS = YES;
				CLANG_WARN_STRICT_PROTOTYPES = YES;
				CLANG_WARN_SUSPICIOUS_MOVE = YES;
				CLANG_WARN_UNGUARDED_AVAILABILITY = YES_AGGRESSIVE;
				CLANG_WARN_UNREACHABLE_CODE = YES;
				CLANG_WARN__DUPLICATE_METHOD_MATCH = YES;
				COPY_PHASE_STRIP = NO;
				DEBUG_INFORMATION_FORMAT = "dwarf-with-dsym";
				ENABLE_NS_ASSERTIONS = NO;
				ENABLE_STRICT_OBJC_MSGSEND = YES;
				GCC_C_LANGUAGE_STANDARD = gnu11;
				GCC_NO_COMMON_BLOCKS = YES;
				GCC_WARN_64_TO_32_BIT_CONVERSION = YES;
				GCC_WARN_ABOUT_RETURN_TYPE = YES_ERROR;
				GCC_WARN_UNDECLARED_SELECTOR = YES;
				GCC_WARN_UNINITIALIZED_AUTOS = YES_AGGRESSIVE;
				GCC_WARN_UNUSED_FUNCTION = YES;
				GCC_WARN_UNUSED_VARIABLE = YES;
				IPHONEOS_DEPLOYMENT_TARGET = 13.5;
				MTL_ENABLE_DEBUG_INFO = NO;
				MTL_FAST_MATH = YES;
				SDKROOT = iphoneos;
				SWIFT_COMPILATION_MODE = wholemodule;
				SWIFT_OPTIMIZATION_LEVEL = "-O";
				VALIDATE_PRODUCT = YES;
			};
			name = Release;
		};
		29CB7FB62498D91800126FCA /* Debug */ = {
			isa = XCBuildConfiguration;
			buildSettings = {
				ASSETCATALOG_COMPILER_APPICON_NAME = AppIcon;
				CODE_SIGN_STYLE = Automatic;
				DEVELOPMENT_TEAM = LFQ78GHDF2;
				INFOPLIST_FILE = BufferingTestApp/Info.plist;
				LD_RUNPATH_SEARCH_PATHS = (
					"$(inherited)",
					"@executable_path/Frameworks",
				);
				PRODUCT_BUNDLE_IDENTIFIER = com.mariusseufzer.BufferingTestApp;
				PRODUCT_NAME = "$(TARGET_NAME)";
				SWIFT_VERSION = 5.0;
				TARGETED_DEVICE_FAMILY = "1,2";
			};
			name = Debug;
		};
		29CB7FB72498D91800126FCA /* Release */ = {
			isa = XCBuildConfiguration;
			buildSettings = {
				ASSETCATALOG_COMPILER_APPICON_NAME = AppIcon;
				CODE_SIGN_STYLE = Automatic;
				DEVELOPMENT_TEAM = LFQ78GHDF2;
				INFOPLIST_FILE = BufferingTestApp/Info.plist;
				LD_RUNPATH_SEARCH_PATHS = (
					"$(inherited)",
					"@executable_path/Frameworks",
				);
				PRODUCT_BUNDLE_IDENTIFIER = com.mariusseufzer.BufferingTestApp;
				PRODUCT_NAME = "$(TARGET_NAME)";
				SWIFT_VERSION = 5.0;
				TARGETED_DEVICE_FAMILY = "1,2";
			};
			name = Release;
		};
/* End XCBuildConfiguration section */

/* Begin XCConfigurationList section */
		29CB7F9C2498D91700126FCA /* Build configuration list for PBXProject "BufferingTestApp" */ = {
			isa = XCConfigurationList;
			buildConfigurations = (
				29CB7FB32498D91800126FCA /* Debug */,
				29CB7FB42498D91800126FCA /* Release */,
			);
			defaultConfigurationIsVisible = 0;
			defaultConfigurationName = Release;
		};
		29CB7FB52498D91800126FCA /* Build configuration list for PBXNativeTarget "BufferingTestApp" */ = {
			isa = XCConfigurationList;
			buildConfigurations = (
				29CB7FB62498D91800126FCA /* Debug */,
				29CB7FB72498D91800126FCA /* Release */,
			);
			defaultConfigurationIsVisible = 0;
			defaultConfigurationName = Release;
		};
/* End XCConfigurationList section */
	};
	rootObject = 29CB7F992498D91700126FCA /* Project object */;
}
